
Microsoft Visual Studio Solution File, Format Version 12.00
Project("{2150E333-8FDC-42A3-9474-1A3956D46DE8}") = "Solution", "Solution", "{57263EBC-27DC-4F90-90DD-DC4D3C5329BF}"
EndProject
Project("{2150E333-8FDC-42A3-9474-1A3956D46DE8}") = "test", "test", "{5B3132B6-7791-460E-B35D-7460ACB2C9CB}"
EndProject
Project("{2150E333-8FDC-42A3-9474-1A3956D46DE8}") = "src", "src", "{04F42E3F-2241-40E4-939B-7FFB9F74E985}"
EndProject
Project("{FAE04EC0-301F-11D3-BF4B-00C04F79EFBC}") = "TechNinjaz.DigiMenu.Domain", "TechNinjaz.DigiMenu.Domain\TechNinjaz.DigiMenu.Domain.csproj", "{479C63DB-B508-474C-9102-5143184579EB}"
EndProject
Project("{FAE04EC0-301F-11D3-BF4B-00C04F79EFBC}") = "TechNinjaz.DigiMenu.Repository", "TechNinjaz.DigiMenu.Repository\TechNinjaz.DigiMenu.Repository.csproj", "{DC7378D5-DB1E-4B02-943D-91B8779AC149}"
EndProject
Project("{FAE04EC0-301F-11D3-BF4B-00C04F79EFBC}") = "TechNinjaz.DigiMenu.Service", "TechNinjaz.DigiMenu.Service\TechNinjaz.DigiMenu.Service.csproj", "{BE9484EF-789F-41E0-BA64-7B407B66ADC2}"
EndProject
Project("{FAE04EC0-301F-11D3-BF4B-00C04F79EFBC}") = "TechNinjaz.DigiMenu.Test", "TechNinjaz.DigiMenu.Test\TechNinjaz.DigiMenu.Test.csproj", "{0E0EDF87-BF67-4060-906A-3DF5D654DA79}"
EndProject
Project("{FAE04EC0-301F-11D3-BF4B-00C04F79EFBC}") = "TechNinjaz.DigiMenu.Presentation", "TechNinjaz.DigiMenu.Presentation\TechNinjaz.DigiMenu.Presentation.csproj", "{6996ECA6-83B9-4323-AA7F-4745C07C74D7}"
EndProject
Global
	GlobalSection(SolutionConfigurationPlatforms) = preSolution
		Debug|Any CPU = Debug|Any CPU
		Release|Any CPU = Release|Any CPU
	EndGlobalSection
	GlobalSection(NestedProjects) = preSolution
		{5B3132B6-7791-460E-B35D-7460ACB2C9CB} = {57263EBC-27DC-4F90-90DD-DC4D3C5329BF}
		{04F42E3F-2241-40E4-939B-7FFB9F74E985} = {57263EBC-27DC-4F90-90DD-DC4D3C5329BF}
		{479C63DB-B508-474C-9102-5143184579EB} = {04F42E3F-2241-40E4-939B-7FFB9F74E985}
		{DC7378D5-DB1E-4B02-943D-91B8779AC149} = {04F42E3F-2241-40E4-939B-7FFB9F74E985}
		{BE9484EF-789F-41E0-BA64-7B407B66ADC2} = {04F42E3F-2241-40E4-939B-7FFB9F74E985}
		{0E0EDF87-BF67-4060-906A-3DF5D654DA79} = {5B3132B6-7791-460E-B35D-7460ACB2C9CB}
		{6996ECA6-83B9-4323-AA7F-4745C07C74D7} = {04F42E3F-2241-40E4-939B-7FFB9F74E985}
	EndGlobalSection
	GlobalSection(ProjectConfigurationPlatforms) = postSolution
		{479C63DB-B508-474C-9102-5143184579EB}.Debug|Any CPU.ActiveCfg = Debug|Any CPU
		{479C63DB-B508-474C-9102-5143184579EB}.Debug|Any CPU.Build.0 = Debug|Any CPU
		{479C63DB-B508-474C-9102-5143184579EB}.Release|Any CPU.ActiveCfg = Release|Any CPU
		{479C63DB-B508-474C-9102-5143184579EB}.Release|Any CPU.Build.0 = Release|Any CPU
		{DC7378D5-DB1E-4B02-943D-91B8779AC149}.Debug|Any CPU.ActiveCfg = Debug|Any CPU
		{DC7378D5-DB1E-4B02-943D-91B8779AC149}.Debug|Any CPU.Build.0 = Debug|Any CPU
		{DC7378D5-DB1E-4B02-943D-91B8779AC149}.Release|Any CPU.ActiveCfg = Release|Any CPU
		{DC7378D5-DB1E-4B02-943D-91B8779AC149}.Release|Any CPU.Build.0 = Release|Any CPU
		{BE9484EF-789F-41E0-BA64-7B407B66ADC2}.Debug|Any CPU.ActiveCfg = Debug|Any CPU
		{BE9484EF-789F-41E0-BA64-7B407B66ADC2}.Debug|Any CPU.Build.0 = Debug|Any CPU
		{BE9484EF-789F-41E0-BA64-7B407B66ADC2}.Release|Any CPU.ActiveCfg = Release|Any CPU
		{BE9484EF-789F-41E0-BA64-7B407B66ADC2}.Release|Any CPU.Build.0 = Release|Any CPU
		{0E0EDF87-BF67-4060-906A-3DF5D654DA79}.Debug|Any CPU.ActiveCfg = Debug|Any CPU
		{0E0EDF87-BF67-4060-906A-3DF5D654DA79}.Debug|Any CPU.Build.0 = Debug|Any CPU
		{0E0EDF87-BF67-4060-906A-3DF5D654DA79}.Release|Any CPU.ActiveCfg = Release|Any CPU
		{0E0EDF87-BF67-4060-906A-3DF5D654DA79}.Release|Any CPU.Build.0 = Release|Any CPU
		{6996ECA6-83B9-4323-AA7F-4745C07C74D7}.Debug|Any CPU.ActiveCfg = Debug|Any CPU
		{6996ECA6-83B9-4323-AA7F-4745C07C74D7}.Debug|Any CPU.Build.0 = Debug|Any CPU
		{6996ECA6-83B9-4323-AA7F-4745C07C74D7}.Release|Any CPU.ActiveCfg = Release|Any CPU
		{6996ECA6-83B9-4323-AA7F-4745C07C74D7}.Release|Any CPU.Build.0 = Release|Any CPU
	EndGlobalSection
EndGlobal
